speakeasyVersion: 1.363.1
sources:
    Statsig-OAS:
        sourceNamespace: statsig-oas
        sourceRevisionDigest: sha256:96c16dfb405945888e5bf3ec2c5afd28919933c86533911b39e114b427b88b94
        sourceBlobDigest: sha256:e6368b2b0b2f49beede3e436cdc908b25088ac2ec73f3910ead1ccf3b016ecbd
        tags:
            - latest
            - main
targets:
    statsig:
        source: Statsig-OAS
        sourceNamespace: statsig-oas
        sourceRevisionDigest: sha256:96c16dfb405945888e5bf3ec2c5afd28919933c86533911b39e114b427b88b94
        sourceBlobDigest: sha256:e6368b2b0b2f49beede3e436cdc908b25088ac2ec73f3910ead1ccf3b016ecbd
        outLocation: /github/workspace/repo
workflow:
    workflowVersion: 1.0.0
    speakeasyVersion: latest
    sources:
        Statsig-OAS:
            inputs:
                - location: statsig-suggest.yaml
            registry:
                location: registry.speakeasyapi.dev/statsig/statsig/statsig-oas
    targets:
        statsig:
            target: typescript
            source: Statsig-OAS
